
Microsoft Visual Studio Solution File, Format Version 12.00
# Visual Studio Version 16
VisualStudioVersion = 16.0.30717.126
MinimumVisualStudioVersion = 10.0.40219.1
Project("{FAE04EC0-301F-11D3-BF4B-00C04F79EFBC}") = "RepositoryDesignPatternProjectWeb", "RepositoryDesignPatternProjectWeb\RepositoryDesignPatternProjectWeb.csproj", "{2659B8CC-1C12-42EB-8198-C894C0A0EBEE}"
EndProject
Global
	GlobalSection(SolutionConfigurationPlatforms) = preSolution
		Debug|Any CPU = Debug|Any CPU
		Release|Any CPU = Release|Any CPU
	EndGlobalSection
	GlobalSection(ProjectConfigurationPlatforms) = postSolution
		{2659B8CC-1C12-42EB-8198-C894C0A0EBEE}.Debug|Any CPU.ActiveCfg = Debug|Any CPU
		{2659B8CC-1C12-42EB-8198-C894C0A0EBEE}.Debug|Any CPU.Build.0 = Debug|Any CPU
		{2659B8CC-1C12-42EB-8198-C894C0A0EBEE}.Release|Any CPU.ActiveCfg = Release|Any CPU
		{2659B8CC-1C12-42EB-8198-C894C0A0EBEE}.Release|Any CPU.Build.0 = Release|Any CPU
	EndGlobalSection
	GlobalSection(SolutionProperties) = preSolution
		HideSolutionNode = FALSE
	EndGlobalSection
	GlobalSection(ExtensibilityGlobals) = postSolution
		SolutionGuid = {81E9C229-6B47-43DA-8DEF-09BE45EAADF7}
	EndGlobalSection
EndGlobal
